
Microsoft Visual Studio Solution File, Format Version 12.00
# Visual Studio 15
VisualStudioVersion = 15.0.28307.1300
MinimumVisualStudioVersion = 10.0.40219.1
Project("{FAE04EC0-301F-11D3-BF4B-00C04F79EFBC}") = "VendingMachine", "VendingMachine\VendingMachine.csproj", "{A11D75DD-3C46-4397-804F-33DF27DA9064}"
EndProject
Project("{FAE04EC0-301F-11D3-BF4B-00C04F79EFBC}") = "VendingMachineUnitTest", "VendingMachineUnitTest\VendingMachineUnitTest.csproj", "{413FC8B7-762A-4FAB-9EA4-C045D69C0983}"
EndProject
Global
	GlobalSection(SolutionConfigurationPlatforms) = preSolution
		Debug|Any CPU = Debug|Any CPU
		Release|Any CPU = Release|Any CPU
	EndGlobalSection
	GlobalSection(ProjectConfigurationPlatforms) = postSolution
		{A11D75DD-3C46-4397-804F-33DF27DA9064}.Debug|Any CPU.ActiveCfg = Debug|Any CPU
		{A11D75DD-3C46-4397-804F-33DF27DA9064}.Debug|Any CPU.Build.0 = Debug|Any CPU
		{A11D75DD-3C46-4397-804F-33DF27DA9064}.Release|Any CPU.ActiveCfg = Release|Any CPU
		{A11D75DD-3C46-4397-804F-33DF27DA9064}.Release|Any CPU.Build.0 = Release|Any CPU
		{413FC8B7-762A-4FAB-9EA4-C045D69C0983}.Debug|Any CPU.ActiveCfg = Debug|Any CPU
		{413FC8B7-762A-4FAB-9EA4-C045D69C0983}.Debug|Any CPU.Build.0 = Debug|Any CPU
		{413FC8B7-762A-4FAB-9EA4-C045D69C0983}.Release|Any CPU.ActiveCfg = Release|Any CPU
		{413FC8B7-762A-4FAB-9EA4-C045D69C0983}.Release|Any CPU.Build.0 = Release|Any CPU
	EndGlobalSection
	GlobalSection(SolutionProperties) = preSolution
		HideSolutionNode = FALSE
	EndGlobalSection
	GlobalSection(ExtensibilityGlobals) = postSolution
		SolutionGuid = {7EE87C08-CEB8-456B-B4B4-564A7A83FE81}
	EndGlobalSection
EndGlobal
